
Microsoft Visual Studio Solution File, Format Version 12.00
# Visual Studio Version 17
VisualStudioVersion = 17.4.33213.308
MinimumVisualStudioVersion = 10.0.40219.1
Project("{FAE04EC0-301F-11D3-BF4B-00C04F79EFBC}") = "RestExercise1", "RestExercise1.csproj", "{9C3A70AB-E2B2-47A7-9254-DEFA9D538685}"
EndProject
Global
	GlobalSection(SolutionConfigurationPlatforms) = preSolution
		Debug|Any CPU = Debug|Any CPU
		Release|Any CPU = Release|Any CPU
	EndGlobalSection
	GlobalSection(ProjectConfigurationPlatforms) = postSolution
		{9C3A70AB-E2B2-47A7-9254-DEFA9D538685}.Debug|Any CPU.ActiveCfg = Debug|Any CPU
		{9C3A70AB-E2B2-47A7-9254-DEFA9D538685}.Debug|Any CPU.Build.0 = Debug|Any CPU
		{9C3A70AB-E2B2-47A7-9254-DEFA9D538685}.Release|Any CPU.ActiveCfg = Release|Any CPU
		{9C3A70AB-E2B2-47A7-9254-DEFA9D538685}.Release|Any CPU.Build.0 = Release|Any CPU
	EndGlobalSection
	GlobalSection(SolutionProperties) = preSolution
		HideSolutionNode = FALSE
	EndGlobalSection
	GlobalSection(ExtensibilityGlobals) = postSolution
		SolutionGuid = {510F00A5-5B05-4277-9F4F-AEAAA8ACD7D8}
	EndGlobalSection
EndGlobal
