
Microsoft Visual Studio Solution File, Format Version 12.00
# Visual Studio Version 17
VisualStudioVersion = 17.4.33213.308
MinimumVisualStudioVersion = 10.0.40219.1
Project("{9A19103F-16F7-4668-BE54-9A1E7A4F7556}") = "ZealandZooAPP", "ZealandZooAPP.csproj", "{D9A3DD6F-E255-4C6E-998B-59A3C45025F8}"
EndProject
Project("{9A19103F-16F7-4668-BE54-9A1E7A4F7556}") = "ZealandZooLIB", "..\ZealandZooLIB\ZealandZooLIB.csproj", "{84ED0579-91A6-419E-97B2-80AD261EABD9}"
EndProject
Project("{FAE04EC0-301F-11D3-BF4B-00C04F79EFBC}") = "ZooUnitTest", "..\ZooUnitTest\ZooUnitTest.csproj", "{C4564E6D-B62D-4308-BD6D-47BC22A1E3DE}"
EndProject
Global
	GlobalSection(SolutionConfigurationPlatforms) = preSolution
		Debug|Any CPU = Debug|Any CPU
		Release|Any CPU = Release|Any CPU
	EndGlobalSection
	GlobalSection(ProjectConfigurationPlatforms) = postSolution
		{D9A3DD6F-E255-4C6E-998B-59A3C45025F8}.Debug|Any CPU.ActiveCfg = Debug|Any CPU
		{D9A3DD6F-E255-4C6E-998B-59A3C45025F8}.Debug|Any CPU.Build.0 = Debug|Any CPU
		{D9A3DD6F-E255-4C6E-998B-59A3C45025F8}.Release|Any CPU.ActiveCfg = Release|Any CPU
		{D9A3DD6F-E255-4C6E-998B-59A3C45025F8}.Release|Any CPU.Build.0 = Release|Any CPU
		{84ED0579-91A6-419E-97B2-80AD261EABD9}.Debug|Any CPU.ActiveCfg = Debug|Any CPU
		{84ED0579-91A6-419E-97B2-80AD261EABD9}.Debug|Any CPU.Build.0 = Debug|Any CPU
		{84ED0579-91A6-419E-97B2-80AD261EABD9}.Release|Any CPU.ActiveCfg = Release|Any CPU
		{84ED0579-91A6-419E-97B2-80AD261EABD9}.Release|Any CPU.Build.0 = Release|Any CPU
		{C4564E6D-B62D-4308-BD6D-47BC22A1E3DE}.Debug|Any CPU.ActiveCfg = Debug|Any CPU
		{C4564E6D-B62D-4308-BD6D-47BC22A1E3DE}.Debug|Any CPU.Build.0 = Debug|Any CPU
		{C4564E6D-B62D-4308-BD6D-47BC22A1E3DE}.Release|Any CPU.ActiveCfg = Release|Any CPU
		{C4564E6D-B62D-4308-BD6D-47BC22A1E3DE}.Release|Any CPU.Build.0 = Release|Any CPU
	EndGlobalSection
	GlobalSection(SolutionProperties) = preSolution
		HideSolutionNode = FALSE
	EndGlobalSection
	GlobalSection(ExtensibilityGlobals) = postSolution
		SolutionGuid = {D44420AA-CBF5-4205-853F-2EE8E27C6DC0}
	EndGlobalSection
EndGlobal
