
Microsoft Visual Studio Solution File, Format Version 12.00
# Visual Studio Version 17
VisualStudioVersion = 17.4.33213.308
MinimumVisualStudioVersion = 10.0.40219.1
Project("{FAE04EC0-301F-11D3-BF4B-00C04F79EFBC}") = "MoviesRepositoryLib", "MoviesRepositoryLib.csproj", "{A6A118F1-547F-40B4-8D34-8A070F375392}"
EndProject
Global
	GlobalSection(SolutionConfigurationPlatforms) = preSolution
		Debug|Any CPU = Debug|Any CPU
		Release|Any CPU = Release|Any CPU
	EndGlobalSection
	GlobalSection(ProjectConfigurationPlatforms) = postSolution
		{A6A118F1-547F-40B4-8D34-8A070F375392}.Debug|Any CPU.ActiveCfg = Debug|Any CPU
		{A6A118F1-547F-40B4-8D34-8A070F375392}.Debug|Any CPU.Build.0 = Debug|Any CPU
		{A6A118F1-547F-40B4-8D34-8A070F375392}.Release|Any CPU.ActiveCfg = Release|Any CPU
		{A6A118F1-547F-40B4-8D34-8A070F375392}.Release|Any CPU.Build.0 = Release|Any CPU
	EndGlobalSection
	GlobalSection(SolutionProperties) = preSolution
		HideSolutionNode = FALSE
	EndGlobalSection
	GlobalSection(ExtensibilityGlobals) = postSolution
		SolutionGuid = {46B57E87-A7BF-4F3C-9B0B-DE0099322E0C}
	EndGlobalSection
EndGlobal
